// !$*UTF8*$!
{
	archiveVersion = 1;
	classes = {
	};
	objectVersion = 46;
	objects = {

/* Begin PBXBuildFile section */
		70D7D1BE1BB8975700DE4FC2 /* AppDelegate.swift in Sources */ = {isa = PBXBuildFile; fileRef = 70D7D1BD1BB8975700DE4FC2 /* AppDelegate.swift */; };
		70D7D1C01BB8975700DE4FC2 /* ViewController.swift in Sources */ = {isa = PBXBuildFile; fileRef = 70D7D1BF1BB8975700DE4FC2 /* ViewController.swift */; };
		70D7D1C31BB8975700DE4FC2 /* Main.storyboard in Resources */ = {isa = PBXBuildFile; fileRef = 70D7D1C11BB8975700DE4FC2 /* Main.storyboard */; };
		70D7D1C51BB8975700DE4FC2 /* Assets.xcassets in Resources */ = {isa = PBXBuildFile; fileRef = 70D7D1C41BB8975700DE4FC2 /* Assets.xcassets */; };
		70D7D1C81BB8975700DE4FC2 /* LaunchScreen.storyboard in Resources */ = {isa = PBXBuildFile; fileRef = 70D7D1C61BB8975700DE4FC2 /* LaunchScreen.storyboard */; };
		70D7D1D31BB8975700DE4FC2 /* tic_tac_toeTests.swift in Sources */ = {isa = PBXBuildFile; fileRef = 70D7D1D21BB8975700DE4FC2 /* tic_tac_toeTests.swift */; };
		70D7D1DE1BB8975700DE4FC2 /* tic_tac_toeUITests.swift in Sources */ = {isa = PBXBuildFile; fileRef = 70D7D1DD1BB8975700DE4FC2 /* tic_tac_toeUITests.swift */; };
		70D7D1EF1BB899AD00DE4FC2 /* black-cross.png in Resources */ = {isa = PBXBuildFile; fileRef = 70D7D1EB1BB899AD00DE4FC2 /* black-cross.png */; settings = {ASSET_TAGS = (); }; };
		70D7D1F01BB899AD00DE4FC2 /* black-nought.png in Resources */ = {isa = PBXBuildFile; fileRef = 70D7D1EC1BB899AD00DE4FC2 /* black-nought.png */; settings = {ASSET_TAGS = (); }; };
		70D7D1F11BB899AD00DE4FC2 /* white-cross.png in Resources */ = {isa = PBXBuildFile; fileRef = 70D7D1ED1BB899AD00DE4FC2 /* white-cross.png */; settings = {ASSET_TAGS = (); }; };
		70D7D1F21BB899AD00DE4FC2 /* white-nought.png in Resources */ = {isa = PBXBuildFile; fileRef = 70D7D1EE1BB899AD00DE4FC2 /* white-nought.png */; settings = {ASSET_TAGS = (); }; };
		70D7D1F41BB89A2B00DE4FC2 /* board.png in Resources */ = {isa = PBXBuildFile; fileRef = 70D7D1F31BB89A2B00DE4FC2 /* board.png */; settings = {ASSET_TAGS = (); }; };
/* End PBXBuildFile section */

/* Begin PBXContainerItemProxy section */
		70D7D1CF1BB8975700DE4FC2 /* PBXContainerItemProxy */ = {
			isa = PBXContainerItemProxy;
			containerPortal = 70D7D1B21BB8975700DE4FC2 /* Project object */;
			proxyType = 1;
			remoteGlobalIDString = 70D7D1B91BB8975700DE4FC2;
			remoteInfo = "tic tac toe";
		};
		70D7D1DA1BB8975700DE4FC2 /* PBXContainerItemProxy */ = {
			isa = PBXContainerItemProxy;
			containerPortal = 70D7D1B21BB8975700DE4FC2 /* Project object */;
			proxyType = 1;
			remoteGlobalIDString = 70D7D1B91BB8975700DE4FC2;
			remoteInfo = "tic tac toe";
		};
/* End PBXContainerItemProxy section */

/* Begin PBXFileReference section */
		70D7D1BA1BB8975700DE4FC2 /* tic tac toe.app */ = {isa = PBXFileReference; explicitFileType = wrapper.application; includeInIndex = 0; path = "tic tac toe.app"; sourceTree = BUILT_PRODUCTS_DIR; };
		70D7D1BD1BB8975700DE4FC2 /* AppDelegate.swift */ = {isa = PBXFileReference; lastKnownFileType = sourcecode.swift; path = AppDelegate.swift; sourceTree = "<group>"; };
		70D7D1BF1BB8975700DE4FC2 /* ViewController.swift */ = {isa = PBXFileReference; lastKnownFileType = sourcecode.swift; path = ViewController.swift; sourceTree = "<group>"; };
		70D7D1C21BB8975700DE4FC2 /* Base */ = {isa = PBXFileReference; lastKnownFileType = file.storyboard; name = Base; path = Base.lproj/Main.storyboard; sourceTree = "<group>"; };
		70D7D1C41BB8975700DE4FC2 /* Assets.xcassets */ = {isa = PBXFileReference; lastKnownFileType = folder.assetcatalog; path = Assets.xcassets; sourceTree = "<group>"; };
		70D7D1C71BB8975700DE4FC2 /* Base */ = {isa = PBXFileReference; lastKnownFileType = file.storyboard; name = Base; path = Base.lproj/LaunchScreen.storyboard; sourceTree = "<group>"; };
		70D7D1C91BB8975700DE4FC2 /* Info.plist */ = {isa = PBXFileReference; lastKnownFileType = text.plist.xml; path = Info.plist; sourceTree = "<group>"; };
		70D7D1CE1BB8975700DE4FC2 /* tic tac toeTests.xctest */ = {isa = PBXFileReference; explicitFileType = wrapper.cfbundle; includeInIndex = 0; path = "tic tac toeTests.xctest"; sourceTree = BUILT_PRODUCTS_DIR; };
		70D7D1D21BB8975700DE4FC2 /* tic_tac_toeTests.swift */ = {isa = PBXFileReference; lastKnownFileType = sourcecode.swift; path = tic_tac_toeTests.swift; sourceTree = "<group>"; };
		70D7D1D41BB8975700DE4FC2 /* Info.plist */ = {isa = PBXFileReference; lastKnownFileType = text.plist.xml; path = Info.plist; sourceTree = "<group>"; };
		70D7D1D91BB8975700DE4FC2 /* tic tac toeUITests.xctest */ = {isa = PBXFileReference; explicitFileType = wrapper.cfbundle; includeInIndex = 0; path = "tic tac toeUITests.xctest"; sourceTree = BUILT_PRODUCTS_DIR; };
		70D7D1DD1BB8975700DE4FC2 /* tic_tac_toeUITests.swift */ = {isa = PBXFileReference; lastKnownFileType = sourcecode.swift; path = tic_tac_toeUITests.swift; sourceTree = "<group>"; };
		70D7D1DF1BB8975700DE4FC2 /* Info.plist */ = {isa = PBXFileReference; lastKnownFileType = text.plist.xml; path = Info.plist; sourceTree = "<group>"; };
		70D7D1EB1BB899AD00DE4FC2 /* black-cross.png */ = {isa = PBXFileReference; lastKnownFileType = image.png; path = "black-cross.png"; sourceTree = "<group>"; };
		70D7D1EC1BB899AD00DE4FC2 /* black-nought.png */ = {isa = PBXFileReference; lastKnownFileType = image.png; path = "black-nought.png"; sourceTree = "<group>"; };
		70D7D1ED1BB899AD00DE4FC2 /* white-cross.png */ = {isa = PBXFileReference; lastKnownFileType = image.png; path = "white-cross.png"; sourceTree = "<group>"; };
		70D7D1EE1BB899AD00DE4FC2 /* white-nought.png */ = {isa = PBXFileReference; lastKnownFileType = image.png; path = "white-nought.png"; sourceTree = "<group>"; };
		70D7D1F31BB89A2B00DE4FC2 /* board.png */ = {isa = PBXFileReference; lastKnownFileType = image.png; path = board.png; sourceTree = "<group>"; };
/* End PBXFileReference section */

/* Begin PBXFrameworksBuildPhase section */
		70D7D1B71BB8975700DE4FC2 /* Frameworks */ = {
			isa = PBXFrameworksBuildPhase;
			buildActionMask = 2147483647;
			files = (
			);
			runOnlyForDeploymentPostprocessing = 0;
		};
		70D7D1CB1BB8975700DE4FC2 /* Frameworks */ = {
			isa = PBXFrameworksBuildPhase;
			buildActionMask = 2147483647;
			files = (
			);
			runOnlyForDeploymentPostprocessing = 0;
		};
		70D7D1D61BB8975700DE4FC2 /* Frameworks */ = {
			isa = PBXFrameworksBuildPhase;
			buildActionMask = 2147483647;
			files = (
			);
			runOnlyForDeploymentPostprocessing = 0;
		};
/* End PBXFrameworksBuildPhase section */

/* Begin PBXGroup section */
		70D7D1B11BB8975700DE4FC2 = {
			isa = PBXGroup;
			children = (
				70D7D1EB1BB899AD00DE4FC2 /* black-cross.png */,
				70D7D1EC1BB899AD00DE4FC2 /* black-nought.png */,
				70D7D1ED1BB899AD00DE4FC2 /* white-cross.png */,
				70D7D1F31BB89A2B00DE4FC2 /* board.png */,
				70D7D1EE1BB899AD00DE4FC2 /* white-nought.png */,
				70D7D1BC1BB8975700DE4FC2 /* tic tac toe */,
				70D7D1D11BB8975700DE4FC2 /* tic tac toeTests */,
				70D7D1DC1BB8975700DE4FC2 /* tic tac toeUITests */,
				70D7D1BB1BB8975700DE4FC2 /* Products */,
			);
			sourceTree = "<group>";
		};
		70D7D1BB1BB8975700DE4FC2 /* Products */ = {
			isa = PBXGroup;
			children = (
				70D7D1BA1BB8975700DE4FC2 /* tic tac toe.app */,
				70D7D1CE1BB8975700DE4FC2 /* tic tac toeTests.xctest */,
				70D7D1D91BB8975700DE4FC2 /* tic tac toeUITests.xctest */,
			);
			name = Products;
			sourceTree = "<group>";
		};
		70D7D1BC1BB8975700DE4FC2 /* tic tac toe */ = {
			isa = PBXGroup;
			children = (
				70D7D1BD1BB8975700DE4FC2 /* AppDelegate.swift */,
				70D7D1BF1BB8975700DE4FC2 /* ViewController.swift */,
				70D7D1C11BB8975700DE4FC2 /* Main.storyboard */,
				70D7D1C41BB8975700DE4FC2 /* Assets.xcassets */,
				70D7D1C61BB8975700DE4FC2 /* LaunchScreen.storyboard */,
				70D7D1C91BB8975700DE4FC2 /* Info.plist */,
			);
			path = "tic tac toe";
			sourceTree = "<group>";
		};
		70D7D1D11BB8975700DE4FC2 /* tic tac toeTests */ = {
			isa = PBXGroup;
			children = (
				70D7D1D21BB8975700DE4FC2 /* tic_tac_toeTests.swift */,
				70D7D1D41BB8975700DE4FC2 /* Info.plist */,
			);
			path = "tic tac toeTests";
			sourceTree = "<group>";
		};
		70D7D1DC1BB8975700DE4FC2 /* tic tac toeUITests */ = {
			isa = PBXGroup;
			children = (
				70D7D1DD1BB8975700DE4FC2 /* tic_tac_toeUITests.swift */,
				70D7D1DF1BB8975700DE4FC2 /* Info.plist */,
			);
			path = "tic tac toeUITests";
			sourceTree = "<group>";
		};
/* End PBXGroup section */

/* Begin PBXNativeTarget section */
		70D7D1B91BB8975700DE4FC2 /* tic tac toe */ = {
			isa = PBXNativeTarget;
			buildConfigurationList = 70D7D1E21BB8975700DE4FC2 /* Build configuration list for PBXNativeTarget "tic tac toe" */;
			buildPhases = (
				70D7D1B61BB8975700DE4FC2 /* Sources */,
				70D7D1B71BB8975700DE4FC2 /* Frameworks */,
				70D7D1B81BB8975700DE4FC2 /* Resources */,
			);
			buildRules = (
			);
			dependencies = (
			);
			name = "tic tac toe";
			productName = "tic tac toe";
			productReference = 70D7D1BA1BB8975700DE4FC2 /* tic tac toe.app */;
			productType = "com.apple.product-type.application";
		};
		70D7D1CD1BB8975700DE4FC2 /* tic tac toeTests */ = {
			isa = PBXNativeTarget;
			buildConfigurationList = 70D7D1E51BB8975700DE4FC2 /* Build configuration list for PBXNativeTarget "tic tac toeTests" */;
			buildPhases = (
				70D7D1CA1BB8975700DE4FC2 /* Sources */,
				70D7D1CB1BB8975700DE4FC2 /* Frameworks */,
				70D7D1CC1BB8975700DE4FC2 /* Resources */,
			);
			buildRules = (
			);
			dependencies = (
				70D7D1D01BB8975700DE4FC2 /* PBXTargetDependency */,
			);
			name = "tic tac toeTests";
			productName = "tic tac toeTests";
			productReference = 70D7D1CE1BB8975700DE4FC2 /* tic tac toeTests.xctest */;
			productType = "com.apple.product-type.bundle.unit-test";
		};
		70D7D1D81BB8975700DE4FC2 /* tic tac toeUITests */ = {
			isa = PBXNativeTarget;
			buildConfigurationList = 70D7D1E81BB8975700DE4FC2 /* Build configuration list for PBXNativeTarget "tic tac toeUITests" */;
			buildPhases = (
				70D7D1D51BB8975700DE4FC2 /* Sources */,
				70D7D1D61BB8975700DE4FC2 /* Frameworks */,
				70D7D1D71BB8975700DE4FC2 /* Resources */,
			);
			buildRules = (
			);
			dependencies = (
				70D7D1DB1BB8975700DE4FC2 /* PBXTargetDependency */,
			);
			name = "tic tac toeUITests";
			productName = "tic tac toeUITests";
			productReference = 70D7D1D91BB8975700DE4FC2 /* tic tac toeUITests.xctest */;
			productType = "com.apple.product-type.bundle.ui-testing";
		};
/* End PBXNativeTarget section */

/* Begin PBXProject section */
		70D7D1B21BB8975700DE4FC2 /* Project object */ = {
			isa = PBXProject;
			attributes = {
				LastUpgradeCheck = 0700;
				ORGANIZATIONNAME = "Jesus Maldonado";
				TargetAttributes = {
					70D7D1B91BB8975700DE4FC2 = {
						CreatedOnToolsVersion = 7.0;
					};
					70D7D1CD1BB8975700DE4FC2 = {
						CreatedOnToolsVersion = 7.0;
						TestTargetID = 70D7D1B91BB8975700DE4FC2;
					};
					70D7D1D81BB8975700DE4FC2 = {
						CreatedOnToolsVersion = 7.0;
						TestTargetID = 70D7D1B91BB8975700DE4FC2;
					};
				};
			};
			buildConfigurationList = 70D7D1B51BB8975700DE4FC2 /* Build configuration list for PBXProject "tic tac toe" */;
			compatibilityVersion = "Xcode 3.2";
			developmentRegion = English;
			hasScannedForEncodings = 0;
			knownRegions = (
				en,
				Base,
			);
			mainGroup = 70D7D1B11BB8975700DE4FC2;
			productRefGroup = 70D7D1BB1BB8975700DE4FC2 /* Products */;
			projectDirPath = "";
			projectRoot = "";
			targets = (
				70D7D1B91BB8975700DE4FC2 /* tic tac toe */,
				70D7D1CD1BB8975700DE4FC2 /* tic tac toeTests */,
				70D7D1D81BB8975700DE4FC2 /* tic tac toeUITests */,
			);
		};
/* End PBXProject section */

/* Begin PBXResourcesBuildPhase section */
		70D7D1B81BB8975700DE4FC2 /* Resources */ = {
			isa = PBXResourcesBuildPhase;
			buildActionMask = 2147483647;
			files = (
				70D7D1F21BB899AD00DE4FC2 /* white-nought.png in Resources */,
				70D7D1F11BB899AD00DE4FC2 /* white-cross.png in Resources */,
				70D7D1C81BB8975700DE4FC2 /* LaunchScreen.storyboard in Resources */,
				70D7D1C51BB8975700DE4FC2 /* Assets.xcassets in Resources */,
				70D7D1F41BB89A2B00DE4FC2 /* board.png in Resources */,
				70D7D1F01BB899AD00DE4FC2 /* black-nought.png in Resources */,
				70D7D1EF1BB899AD00DE4FC2 /* black-cross.png in Resources */,
				70D7D1C31BB8975700DE4FC2 /* Main.storyboard in Resources */,
			);
			runOnlyForDeploymentPostprocessing = 0;
		};
		70D7D1CC1BB8975700DE4FC2 /* Resources */ = {
			isa = PBXResourcesBuildPhase;
			buildActionMask = 2147483647;
			files = (
			);
			runOnlyForDeploymentPostprocessing = 0;
		};
		70D7D1D71BB8975700DE4FC2 /* Resources */ = {
			isa = PBXResourcesBuildPhase;
			buildActionMask = 2147483647;
			files = (
			);
			runOnlyForDeploymentPostprocessing = 0;
		};
/* End PBXResourcesBuildPhase section */

/* Begin PBXSourcesBuildPhase section */
		70D7D1B61BB8975700DE4FC2 /* Sources */ = {
			isa = PBXSourcesBuildPhase;
			buildActionMask = 2147483647;
			files = (
				70D7D1C01BB8975700DE4FC2 /* ViewController.swift in Sources */,
				70D7D1BE1BB8975700DE4FC2 /* AppDelegate.swift in Sources */,
			);
			runOnlyForDeploymentPostprocessing = 0;
		};
		70D7D1CA1BB8975700DE4FC2 /* Sources */ = {
			isa = PBXSourcesBuildPhase;
			buildActionMask = 2147483647;
			files = (
				70D7D1D31BB8975700DE4FC2 /* tic_tac_toeTests.swift in Sources */,
			);
			runOnlyForDeploymentPostprocessing = 0;
		};
		70D7D1D51BB8975700DE4FC2 /* Sources */ = {
			isa = PBXSourcesBuildPhase;
			buildActionMask = 2147483647;
			files = (
				70D7D1DE1BB8975700DE4FC2 /* tic_tac_toeUITests.swift in Sources */,
			);
			runOnlyForDeploymentPostprocessing = 0;
		};
/* End PBXSourcesBuildPhase section */

/* Begin PBXTargetDependency section */
		70D7D1D01BB8975700DE4FC2 /* PBXTargetDependency */ = {
			isa = PBXTargetDependency;
			target = 70D7D1B91BB8975700DE4FC2 /* tic tac toe */;
			targetProxy = 70D7D1CF1BB8975700DE4FC2 /* PBXContainerItemProxy */;
		};
		70D7D1DB1BB8975700DE4FC2 /* PBXTargetDependency */ = {
			isa = PBXTargetDependency;
			target = 70D7D1B91BB8975700DE4FC2 /* tic tac toe */;
			targetProxy = 70D7D1DA1BB8975700DE4FC2 /* PBXContainerItemProxy */;
		};
/* End PBXTargetDependency section */

/* Begin PBXVariantGroup section */
		70D7D1C11BB8975700DE4FC2 /* Main.storyboard */ = {
			isa = PBXVariantGroup;
			children = (
				70D7D1C21BB8975700DE4FC2 /* Base */,
			);
			name = Main.storyboard;
			sourceTree = "<group>";
		};
		70D7D1C61BB8975700DE4FC2 /* LaunchScreen.storyboard */ = {
			isa = PBXVariantGroup;
			children = (
				70D7D1C71BB8975700DE4FC2 /* Base */,
			);
			name = LaunchScreen.storyboard;
			sourceTree = "<group>";
		};
/* End PBXVariantGroup section */

/* Begin XCBuildConfiguration section */
		70D7D1E01BB8975700DE4FC2 /* Debug */ = {
			isa = XCBuildConfiguration;
			buildSettings = {
				ALWAYS_SEARCH_USER_PATHS = NO;
				CLANG_CXX_LANGUAGE_STANDARD = "gnu++0x";
				CLANG_CXX_LIBRARY = "libc++";
				CLANG_ENABLE_MODULES = YES;
				CLANG_ENABLE_OBJC_ARC = YES;
				CLANG_WARN_BOOL_CONVERSION = YES;
				CLANG_WARN_CONSTANT_CONVERSION = YES;
				CLANG_WARN_DIRECT_OBJC_ISA_USAGE = YES_ERROR;
				CLANG_WARN_EMPTY_BODY = YES;
				CLANG_WARN_ENUM_CONVERSION = YES;
				CLANG_WARN_INT_CONVERSION = YES;
				CLANG_WARN_OBJC_ROOT_CLASS = YES_ERROR;
				CLANG_WARN_UNREACHABLE_CODE = YES;
				CLANG_WARN__DUPLICATE_METHOD_MATCH = YES;
				"CODE_SIGN_IDENTITY[sdk=iphoneos*]" = "iPhone Developer";
				COPY_PHASE_STRIP = NO;
				DEBUG_INFORMATION_FORMAT = dwarf;
				ENABLE_STRICT_OBJC_MSGSEND = YES;
				ENABLE_TESTABILITY = YES;
				GCC_C_LANGUAGE_STANDARD = gnu99;
				GCC_DYNAMIC_NO_PIC = NO;
				GCC_NO_COMMON_BLOCKS = YES;
				GCC_OPTIMIZATION_LEVEL = 0;
				GCC_PREPROCESSOR_DEFINITIONS = (
					"DEBUG=1",
					"$(inherited)",
				);
				GCC_WARN_64_TO_32_BIT_CONVERSION = YES;
				GCC_WARN_ABOUT_RETURN_TYPE = YES_ERROR;
				GCC_WARN_UNDECLARED_SELECTOR = YES;
				GCC_WARN_UNINITIALIZED_AUTOS = YES_AGGRESSIVE;
				GCC_WARN_UNUSED_FUNCTION = YES;
				GCC_WARN_UNUSED_VARIABLE = YES;
				IPHONEOS_DEPLOYMENT_TARGET = 9.0;
				MTL_ENABLE_DEBUG_INFO = YES;
				ONLY_ACTIVE_ARCH = YES;
				SDKROOT = iphoneos;
				SWIFT_OPTIMIZATION_LEVEL = "-Onone";
				TARGETED_DEVICE_FAMILY = "1,2";
			};
			name = Debug;
		};
		70D7D1E11BB8975700DE4FC2 /* Release */ = {
			isa = XCBuildConfiguration;
			buildSettings = {
				ALWAYS_SEARCH_USER_PATHS = NO;
				CLANG_CXX_LANGUAGE_STANDARD = "gnu++0x";
				CLANG_CXX_LIBRARY = "libc++";
				CLANG_ENABLE_MODULES = YES;
				CLANG_ENABLE_OBJC_ARC = YES;
				CLANG_WARN_BOOL_CONVERSION = YES;
				CLANG_WARN_CONSTANT_CONVERSION = YES;
				CLANG_WARN_DIRECT_OBJC_ISA_USAGE = YES_ERROR;
				CLANG_WARN_EMPTY_BODY = YES;
				CLANG_WARN_ENUM_CONVERSION = YES;
				CLANG_WARN_INT_CONVERSION = YES;
				CLANG_WARN_OBJC_ROOT_CLASS = YES_ERROR;
				CLANG_WARN_UNREACHABLE_CODE = YES;
				CLANG_WARN__DUPLICATE_METHOD_MATCH = YES;
				"CODE_SIGN_IDENTITY[sdk=iphoneos*]" = "iPhone Developer";
				COPY_PHASE_STRIP = NO;
				DEBUG_INFORMATION_FORMAT = "dwarf-with-dsym";
				ENABLE_NS_ASSERTIONS = NO;
				ENABLE_STRICT_OBJC_MSGSEND = YES;
				GCC_C_LANGUAGE_STANDARD = gnu99;
				GCC_NO_COMMON_BLOCKS = YES;
				GCC_WARN_64_TO_32_BIT_CONVERSION = YES;
				GCC_WARN_ABOUT_RETURN_TYPE = YES_ERROR;
				GCC_WARN_UNDECLARED_SELECTOR = YES;
				GCC_WARN_UNINITIALIZED_AUTOS = YES_AGGRESSIVE;
				GCC_WARN_UNUSED_FUNCTION = YES;
				GCC_WARN_UNUSED_VARIABLE = YES;
				IPHONEOS_DEPLOYMENT_TARGET = 9.0;
				MTL_ENABLE_DEBUG_INFO = NO;
				SDKROOT = iphoneos;
				TARGETED_DEVICE_FAMILY = "1,2";
				VALIDATE_PRODUCT = YES;
			};
			name = Release;
		};
		70D7D1E31BB8975700DE4FC2 /* Debug */ = {
			isa = XCBuildConfiguration;
			buildSettings = {
				ASSETCATALOG_COMPILER_APPICON_NAME = AppIcon;
				INFOPLIST_FILE = "tic tac toe/Info.plist";
				LD_RUNPATH_SEARCH_PATHS = "$(inherited) @executable_path/Frameworks";
				PRODUCT_BUNDLE_IDENTIFIER = "jesusmaldonado.tic-tac-toe";
				PRODUCT_NAME = "$(TARGET_NAME)";
			};
			name = Debug;
		};
		70D7D1E41BB8975700DE4FC2 /* Release */ = {
			isa = XCBuildConfiguration;
			buildSettings = {
				ASSETCATALOG_COMPILER_APPICON_NAME = AppIcon;
				INFOPLIST_FILE = "tic tac toe/Info.plist";
				LD_RUNPATH_SEARCH_PATHS = "$(inherited) @executable_path/Frameworks";
				PRODUCT_BUNDLE_IDENTIFIER = "jesusmaldonado.tic-tac-toe";
				PRODUCT_NAME = "$(TARGET_NAME)";
			};
			name = Release;
		};
		70D7D1E61BB8975700DE4FC2 /* Debug */ = {
			isa = XCBuildConfiguration;
			buildSettings = {
				BUNDLE_LOADER = "$(TEST_HOST)";
				INFOPLIST_FILE = "tic tac toeTests/Info.plist";
				LD_RUNPATH_SEARCH_PATHS = "$(inherited) @executable_path/Frameworks @loader_path/Frameworks";
				PRODUCT_BUNDLE_IDENTIFIER = "jesusmaldonado.tic-tac-toeTests";
				PRODUCT_NAME = "$(TARGET_NAME)";
				TEST_HOST = "$(BUILT_PRODUCTS_DIR)/tic tac toe.app/tic tac toe";
			};
			name = Debug;
		};
		70D7D1E71BB8975700DE4FC2 /* Release */ = {
			isa = XCBuildConfiguration;
			buildSettings = {
				BUNDLE_LOADER = "$(TEST_HOST)";
				INFOPLIST_FILE = "tic tac toeTests/Info.plist";
				LD_RUNPATH_SEARCH_PATHS = "$(inherited) @executable_path/Frameworks @loader_path/Frameworks";
				PRODUCT_BUNDLE_IDENTIFIER = "jesusmaldonado.tic-tac-toeTests";
				PRODUCT_NAME = "$(TARGET_NAME)";
				TEST_HOST = "$(BUILT_PRODUCTS_DIR)/tic tac toe.app/tic tac toe";
			};
			name = Release;
		};
		70D7D1E91BB8975700DE4FC2 /* Debug */ = {
			isa = XCBuildConfiguration;
			buildSettings = {
				INFOPLIST_FILE = "tic tac toeUITests/Info.plist";
				LD_RUNPATH_SEARCH_PATHS = "$(inherited) @executable_path/Frameworks @loader_path/Frameworks";
				PRODUCT_BUNDLE_IDENTIFIER = "jesusmaldonado.tic-tac-toeUITests";
				PRODUCT_NAME = "$(TARGET_NAME)";
				TEST_TARGET_NAME = "tic tac toe";
				USES_XCTRUNNER = YES;
			};
			name = Debug;
		};
		70D7D1EA1BB8975700DE4FC2 /* Release */ = {
			isa = XCBuildConfiguration;
			buildSettings = {
				INFOPLIST_FILE = "tic tac toeUITests/Info.plist";
				LD_RUNPATH_SEARCH_PATHS = "$(inherited) @executable_path/Frameworks @loader_path/Frameworks";
				PRODUCT_BUNDLE_IDENTIFIER = "jesusmaldonado.tic-tac-toeUITests";
				PRODUCT_NAME = "$(TARGET_NAME)";
				TEST_TARGET_NAME = "tic tac toe";
				USES_XCTRUNNER = YES;
			};
			name = Release;
		};
/* End XCBuildConfiguration section */

/* Begin XCConfigurationList section */
		70D7D1B51BB8975700DE4FC2 /* Build configuration list for PBXProject "tic tac toe" */ = {
			isa = XCConfigurationList;
			buildConfigurations = (
				70D7D1E01BB8975700DE4FC2 /* Debug */,
				70D7D1E11BB8975700DE4FC2 /* Release */,
			);
			defaultConfigurationIsVisible = 0;
			defaultConfigurationName = Release;
		};
		70D7D1E21BB8975700DE4FC2 /* Build configuration list for PBXNativeTarget "tic tac toe" */ = {
			isa = XCConfigurationList;
			buildConfigurations = (
				70D7D1E31BB8975700DE4FC2 /* Debug */,
				70D7D1E41BB8975700DE4FC2 /* Release */,
			);
			defaultConfigurationIsVisible = 0;
		};
		70D7D1E51BB8975700DE4FC2 /* Build configuration list for PBXNativeTarget "tic tac toeTests" */ = {
			isa = XCConfigurationList;
			buildConfigurations = (
				70D7D1E61BB8975700DE4FC2 /* Debug */,
				70D7D1E71BB8975700DE4FC2 /* Release */,
			);
			defaultConfigurationIsVisible = 0;
		};
		70D7D1E81BB8975700DE4FC2 /* Build configuration list for PBXNativeTarget "tic tac toeUITests" */ = {
			isa = XCConfigurationList;
			buildConfigurations = (
				70D7D1E91BB8975700DE4FC2 /* Debug */,
				70D7D1EA1BB8975700DE4FC2 /* Release */,
			);
			defaultConfigurationIsVisible = 0;
		};
/* End XCConfigurationList section */
	};
	rootObject = 70D7D1B21BB8975700DE4FC2 /* Project object */;
}
